
Microsoft Visual Studio Solution File, Format Version 12.00
# Visual Studio 14
VisualStudioVersion = 14.0.25420.1
MinimumVisualStudioVersion = 10.0.40219.1
Project("{8BC9CEB8-8B4A-11D0-8D11-00A0C91BC942}") = "basic", "basic\basic.vcxproj", "{C01662BC-8931-4494-9658-5640C1BA6397}"
EndProject
Project("{8BC9CEB8-8B4A-11D0-8D11-00A0C91BC942}") = "UnitTest1", "UnitTest1\UnitTest1.vcxproj", "{B5EC5C2E-BC77-41CA-9DB4-CA11C7E7C4B9}"
EndProject
Project("{8BC9CEB8-8B4A-11D0-8D11-00A0C91BC942}") = "two_norm", "two_norm\two_norm.vcxproj", "{1E4073D9-A42D-4ED9-B13A-BB04B72F6D86}"
EndProject
Project("{8BC9CEB8-8B4A-11D0-8D11-00A0C91BC942}") = "Hornor's Rule", "Hornor's Rule\Hornor's Rule.vcxproj", "{0DC80BA2-5102-46B5-8A64-09D39F5A9984}"
EndProject
Project("{8BC9CEB8-8B4A-11D0-8D11-00A0C91BC942}") = "complex_matrix", "complex_matrix\complex_matrix.vcxproj", "{FFC8F67B-CA99-466C-9EC1-C74AA04A7E9B}"
EndProject
Project("{8BC9CEB8-8B4A-11D0-8D11-00A0C91BC942}") = "自然数", "自然数\自然数.vcxproj", "{B0DB4E4C-CD80-42EB-BDF0-715914FD104A}"
EndProject
Project("{2150E333-8FDC-42A3-9474-1A3956D46DE8}") = "Solution Items", "Solution Items", "{C1394FBF-4CD7-4147-B467-1E7837C80F33}"
	ProjectSection(SolutionItems) = preProject
		Matrix_Natvis.natvis = Matrix_Natvis.natvis
	EndProjectSection
EndProject
Project("{8BC9CEB8-8B4A-11D0-8D11-00A0C91BC942}") = "SymmetricMatrix", "SymmetricMatrix\SymmetricMatrix.vcxproj", "{8A2D5869-62BE-40D0-AF62-14490A6A18D4}"
EndProject
Project("{8BC9CEB8-8B4A-11D0-8D11-00A0C91BC942}") = "高精度", "高精度\高精度.vcxproj", "{C834E7FB-4675-4CFE-8752-F50F07B6A506}"
EndProject
Global
	GlobalSection(SolutionConfigurationPlatforms) = preSolution
		Debug|x64 = Debug|x64
		Debug|x86 = Debug|x86
		Release|x64 = Release|x64
		Release|x86 = Release|x86
	EndGlobalSection
	GlobalSection(ProjectConfigurationPlatforms) = postSolution
		{C01662BC-8931-4494-9658-5640C1BA6397}.Debug|x64.ActiveCfg = Debug|x64
		{C01662BC-8931-4494-9658-5640C1BA6397}.Debug|x64.Build.0 = Debug|x64
		{C01662BC-8931-4494-9658-5640C1BA6397}.Debug|x86.ActiveCfg = Debug|Win32
		{C01662BC-8931-4494-9658-5640C1BA6397}.Debug|x86.Build.0 = Debug|Win32
		{C01662BC-8931-4494-9658-5640C1BA6397}.Release|x64.ActiveCfg = Release|x64
		{C01662BC-8931-4494-9658-5640C1BA6397}.Release|x64.Build.0 = Release|x64
		{C01662BC-8931-4494-9658-5640C1BA6397}.Release|x86.ActiveCfg = Release|Win32
		{C01662BC-8931-4494-9658-5640C1BA6397}.Release|x86.Build.0 = Release|Win32
		{B5EC5C2E-BC77-41CA-9DB4-CA11C7E7C4B9}.Debug|x64.ActiveCfg = Debug|x64
		{B5EC5C2E-BC77-41CA-9DB4-CA11C7E7C4B9}.Debug|x64.Build.0 = Debug|x64
		{B5EC5C2E-BC77-41CA-9DB4-CA11C7E7C4B9}.Debug|x86.ActiveCfg = Debug|Win32
		{B5EC5C2E-BC77-41CA-9DB4-CA11C7E7C4B9}.Debug|x86.Build.0 = Debug|Win32
		{B5EC5C2E-BC77-41CA-9DB4-CA11C7E7C4B9}.Release|x64.ActiveCfg = Release|x64
		{B5EC5C2E-BC77-41CA-9DB4-CA11C7E7C4B9}.Release|x64.Build.0 = Release|x64
		{B5EC5C2E-BC77-41CA-9DB4-CA11C7E7C4B9}.Release|x86.ActiveCfg = Release|Win32
		{B5EC5C2E-BC77-41CA-9DB4-CA11C7E7C4B9}.Release|x86.Build.0 = Release|Win32
		{1E4073D9-A42D-4ED9-B13A-BB04B72F6D86}.Debug|x64.ActiveCfg = Debug|x64
		{1E4073D9-A42D-4ED9-B13A-BB04B72F6D86}.Debug|x64.Build.0 = Debug|x64
		{1E4073D9-A42D-4ED9-B13A-BB04B72F6D86}.Debug|x86.ActiveCfg = Debug|Win32
		{1E4073D9-A42D-4ED9-B13A-BB04B72F6D86}.Debug|x86.Build.0 = Debug|Win32
		{1E4073D9-A42D-4ED9-B13A-BB04B72F6D86}.Release|x64.ActiveCfg = Release|x64
		{1E4073D9-A42D-4ED9-B13A-BB04B72F6D86}.Release|x64.Build.0 = Release|x64
		{1E4073D9-A42D-4ED9-B13A-BB04B72F6D86}.Release|x86.ActiveCfg = Release|Win32
		{1E4073D9-A42D-4ED9-B13A-BB04B72F6D86}.Release|x86.Build.0 = Release|Win32
		{0DC80BA2-5102-46B5-8A64-09D39F5A9984}.Debug|x64.ActiveCfg = Debug|x64
		{0DC80BA2-5102-46B5-8A64-09D39F5A9984}.Debug|x64.Build.0 = Debug|x64
		{0DC80BA2-5102-46B5-8A64-09D39F5A9984}.Debug|x86.ActiveCfg = Debug|Win32
		{0DC80BA2-5102-46B5-8A64-09D39F5A9984}.Debug|x86.Build.0 = Debug|Win32
		{0DC80BA2-5102-46B5-8A64-09D39F5A9984}.Release|x64.ActiveCfg = Release|x64
		{0DC80BA2-5102-46B5-8A64-09D39F5A9984}.Release|x64.Build.0 = Release|x64
		{0DC80BA2-5102-46B5-8A64-09D39F5A9984}.Release|x86.ActiveCfg = Release|Win32
		{0DC80BA2-5102-46B5-8A64-09D39F5A9984}.Release|x86.Build.0 = Release|Win32
		{FFC8F67B-CA99-466C-9EC1-C74AA04A7E9B}.Debug|x64.ActiveCfg = Debug|x64
		{FFC8F67B-CA99-466C-9EC1-C74AA04A7E9B}.Debug|x64.Build.0 = Debug|x64
		{FFC8F67B-CA99-466C-9EC1-C74AA04A7E9B}.Debug|x86.ActiveCfg = Debug|Win32
		{FFC8F67B-CA99-466C-9EC1-C74AA04A7E9B}.Debug|x86.Build.0 = Debug|Win32
		{FFC8F67B-CA99-466C-9EC1-C74AA04A7E9B}.Release|x64.ActiveCfg = Release|x64
		{FFC8F67B-CA99-466C-9EC1-C74AA04A7E9B}.Release|x64.Build.0 = Release|x64
		{FFC8F67B-CA99-466C-9EC1-C74AA04A7E9B}.Release|x86.ActiveCfg = Release|Win32
		{FFC8F67B-CA99-466C-9EC1-C74AA04A7E9B}.Release|x86.Build.0 = Release|Win32
		{B0DB4E4C-CD80-42EB-BDF0-715914FD104A}.Debug|x64.ActiveCfg = Debug|x64
		{B0DB4E4C-CD80-42EB-BDF0-715914FD104A}.Debug|x64.Build.0 = Debug|x64
		{B0DB4E4C-CD80-42EB-BDF0-715914FD104A}.Debug|x86.ActiveCfg = Debug|Win32
		{B0DB4E4C-CD80-42EB-BDF0-715914FD104A}.Debug|x86.Build.0 = Debug|Win32
		{B0DB4E4C-CD80-42EB-BDF0-715914FD104A}.Release|x64.ActiveCfg = Release|x64
		{B0DB4E4C-CD80-42EB-BDF0-715914FD104A}.Release|x64.Build.0 = Release|x64
		{B0DB4E4C-CD80-42EB-BDF0-715914FD104A}.Release|x86.ActiveCfg = Release|Win32
		{B0DB4E4C-CD80-42EB-BDF0-715914FD104A}.Release|x86.Build.0 = Release|Win32
		{8A2D5869-62BE-40D0-AF62-14490A6A18D4}.Debug|x64.ActiveCfg = Debug|x64
		{8A2D5869-62BE-40D0-AF62-14490A6A18D4}.Debug|x64.Build.0 = Debug|x64
		{8A2D5869-62BE-40D0-AF62-14490A6A18D4}.Debug|x86.ActiveCfg = Debug|Win32
		{8A2D5869-62BE-40D0-AF62-14490A6A18D4}.Debug|x86.Build.0 = Debug|Win32
		{8A2D5869-62BE-40D0-AF62-14490A6A18D4}.Release|x64.ActiveCfg = Release|x64
		{8A2D5869-62BE-40D0-AF62-14490A6A18D4}.Release|x64.Build.0 = Release|x64
		{8A2D5869-62BE-40D0-AF62-14490A6A18D4}.Release|x86.ActiveCfg = Release|Win32
		{8A2D5869-62BE-40D0-AF62-14490A6A18D4}.Release|x86.Build.0 = Release|Win32
		{C834E7FB-4675-4CFE-8752-F50F07B6A506}.Debug|x64.ActiveCfg = Debug|x64
		{C834E7FB-4675-4CFE-8752-F50F07B6A506}.Debug|x64.Build.0 = Debug|x64
		{C834E7FB-4675-4CFE-8752-F50F07B6A506}.Debug|x86.ActiveCfg = Debug|Win32
		{C834E7FB-4675-4CFE-8752-F50F07B6A506}.Debug|x86.Build.0 = Debug|Win32
		{C834E7FB-4675-4CFE-8752-F50F07B6A506}.Release|x64.ActiveCfg = Release|x64
		{C834E7FB-4675-4CFE-8752-F50F07B6A506}.Release|x64.Build.0 = Release|x64
		{C834E7FB-4675-4CFE-8752-F50F07B6A506}.Release|x86.ActiveCfg = Release|Win32
		{C834E7FB-4675-4CFE-8752-F50F07B6A506}.Release|x86.Build.0 = Release|Win32
	EndGlobalSection
	GlobalSection(SolutionProperties) = preSolution
		HideSolutionNode = FALSE
	EndGlobalSection
EndGlobal
